{
  "name": "demo",
  "version": "1.0.0",
  "lockfileVersion": 1,
  "requires": true,
  "dependencies": {
    "@types/ckeditor": {
      "version": "4.9.8",
      "resolved": "https://registry.npmjs.org/@types/ckeditor/-/ckeditor-4.9.8.tgz",
      "integrity": "sha512-UM2t8mRul1vT/Al3c1L5elal925YstzcBQHLHk+hVvEoFOUkQKokePnGgD1L7K9n4h3hoPDDwc5jEKeUU3UxMw==",
      "dev": true
    },
    "@types/core-js": {
      "version": "0.9.46",
      "resolved": "https://registry.npmjs.org/@types/core-js/-/core-js-0.9.46.tgz",
      "integrity": "sha512-LooLR6XHes9V+kNYRz1Qm8w3atw9QMn7XeZUmIpUelllF9BdryeUKd/u0Wh5ErcjpWfG39NrToU9MF7ngsTFVw==",
      "dev": true
    },
    "@types/jquery": {
      "version": "2.0.53",
      "resolved": "https://registry.npmjs.org/@types/jquery/-/jquery-2.0.53.tgz",
      "integrity": "sha512-MZKPWUhp5TKkoJ/58NSq6io+CSUCOHm2b3Z6U4+r9v70kktB0JM+eRjdp6YmDHtw0kK2XB7L2K7/FMIoziHjUA==",
      "dev": true
    },
    "@types/tinymce": {
      "version": "4.5.20",
      "resolved": "https://registry.npmjs.org/@types/tinymce/-/tinymce-4.5.20.tgz",
      "integrity": "sha512-9H95BkEDu9o0tirrYssm3FsPJKrq9TJXE1xsJZJ3U4oGRLTYrorGrqo6bzvPLoB9MZG0r4o2Agf26hO8F/oxLA==",
      "dev": true,
      "requires": {
        "@types/jquery": "2.0.53"
      }
    }
  }
}
